// !$*UTF8*$!
{
	archiveVersion = 1;
	classes = {
	};
	objectVersion = 46;
	objects = {

/* Begin PBXBuildFile section */
		0073844A4BC844DF966C9904 /* PluginUtils.swift in Sources */ = {isa = PBXBuildFile; fileRef = C70C1B89307D48309183FD49 /* PluginUtils.swift */; };
		0207DA581B56EA530066E2B4 /* Images.xcassets in Resources */ = {isa = PBXBuildFile; fileRef = 0207DA571B56EA530066E2B4 /* Images.xcassets */; };
		0D85E5C8AA8D49259952AA46 /* CoreAudio.framework in Frameworks */ = {isa = PBXBuildFile; fileRef = 78F24609637C4C71B1EC84A6 /* CoreAudio.framework */; };
		169B449AD3274FF1935D632C /* PluginRTCPeerConnection.swift in Sources */ = {isa = PBXBuildFile; fileRef = 7137D873D5154D24B7A22BF7 /* PluginRTCPeerConnection.swift */; };
		19CCA7E8403547A7B30F2F6E /* WebRTC.framework in Embed Frameworks */ = {isa = PBXBuildFile; fileRef = 4EA1A8C8E8A5425AB34D7735 /* WebRTC.framework */; settings = {ATTRIBUTES = (CodeSignOnCopy, ); }; };
		1D3623260D0F684500981E51 /* AppDelegate.m in Sources */ = {isa = PBXBuildFile; fileRef = 1D3623250D0F684500981E51 /* AppDelegate.m */; };
		1D60589B0D05DD56006BFB54 /* main.m in Sources */ = {isa = PBXBuildFile; fileRef = 29B97316FDCFA39411CA2CEA /* main.m */; };
		1FEFCEA66C9246D591D733C7 /* OpenGLES.framework in Frameworks */ = {isa = PBXBuildFile; fileRef = FDF703AB7BD24C00B91FD90E /* OpenGLES.framework */; };
		27AF75408E964B209FAFC53D /* PluginRTCAudioController.swift in Sources */ = {isa = PBXBuildFile; fileRef = 2D22411CAE0848039356D1AE /* PluginRTCAudioController.swift */; };
		297B2FCF504842DC9D40CC04 /* PluginRTCVideoCaptureController.swift in Sources */ = {isa = PBXBuildFile; fileRef = 8B8C1448D24C41E1B78BCFD5 /* PluginRTCVideoCaptureController.swift */; };
		301BF552109A68D80062928A /* libCordova.a in Frameworks */ = {isa = PBXBuildFile; fileRef = 301BF535109A57CC0062928A /* libCordova.a */; settings = {ATTRIBUTES = (Required, ); }; };
		302D95F114D2391D003F00A1 /* MainViewController.m in Sources */ = {isa = PBXBuildFile; fileRef = 302D95EF14D2391D003F00A1 /* MainViewController.m */; };
		302D95F214D2391D003F00A1 /* MainViewController.xib in Resources */ = {isa = PBXBuildFile; fileRef = 302D95F014D2391D003F00A1 /* MainViewController.xib */; };
		30E5DEEA1C0E4531A964D4EA /* CoreMedia.framework in Frameworks */ = {isa = PBXBuildFile; fileRef = 43E739224E074A938E98FB44 /* CoreMedia.framework */; };
		31FE4463B0BD43069C0A6C5D /* GLKit.framework in Frameworks */ = {isa = PBXBuildFile; fileRef = F31BAA4D1C0E423EAFC44D5D /* GLKit.framework */; };
		3C8469A59FE142768AFB963B /* AudioToolbox.framework in Frameworks */ = {isa = PBXBuildFile; fileRef = 9979F32461AC46059C2CFCA5 /* AudioToolbox.framework */; };
		5FF1988067B640FEBBE522B3 /* PluginMediaStreamRenderer.swift in Sources */ = {isa = PBXBuildFile; fileRef = B69F2081AC844755BAA1955B /* PluginMediaStreamRenderer.swift */; };
		67EE5ADBBB7944F0BA65FE0A /* CoreLocation.framework in Frameworks */ = {isa = PBXBuildFile; fileRef = 2C1A35E0B7AE4540845EF45A /* CoreLocation.framework */; };
		6AFF5BF91D6E424B00AB3073 /* CDVLaunchScreen.storyboard in Resources */ = {isa = PBXBuildFile; fileRef = 6AFF5BF81D6E424B00AB3073 /* CDVLaunchScreen.storyboard */; };
		74A19D8809654ED7B71BFED0 /* VideoToolbox.framework in Frameworks */ = {isa = PBXBuildFile; fileRef = EBEDFD2F58E24A5692D59366 /* VideoToolbox.framework */; };
		7AB1C9B4D3C448F582150635 /* PluginRTCTypes.swift in Sources */ = {isa = PBXBuildFile; fileRef = 21A04D7325704663A9E0BE93 /* PluginRTCTypes.swift */; };
		7E331E4A43F84CA5BBD36382 /* iosrtcPlugin.swift in Sources */ = {isa = PBXBuildFile; fileRef = ADFF4616AB3E4A3899575869 /* iosrtcPlugin.swift */; };
		81B8A7EBDDF94D758014C39D /* PluginMediaStreamTrack.swift in Sources */ = {isa = PBXBuildFile; fileRef = E1344A6BFA354B1284855128 /* PluginMediaStreamTrack.swift */; };
		84D30D29817E416A9040A6AF /* PluginMediaStream.swift in Sources */ = {isa = PBXBuildFile; fileRef = 1571CE1FC278449199EFE506 /* PluginMediaStream.swift */; };
		95D9DF334608428A881D72C0 /* QuartzCore.framework in Frameworks */ = {isa = PBXBuildFile; fileRef = 7013A802B6894B83926252FE /* QuartzCore.framework */; };
		9CE1C1C0337444BC83654DBB /* libc++.dylib in Frameworks */ = {isa = PBXBuildFile; fileRef = 5D3AFAA356C1411A8B377595 /* libc++.dylib */; };
		A1FFFC8B58714DD18CFA043A /* PluginEnumerateDevices.swift in Sources */ = {isa = PBXBuildFile; fileRef = 20B4816D6E99465E9EAF32DD /* PluginEnumerateDevices.swift */; };
		A224B04D4737450CAB1B55FD /* PluginRTCPeerConnectionConstraints.swift in Sources */ = {isa = PBXBuildFile; fileRef = 4F641EEA9B184EB5BA83A144 /* PluginRTCPeerConnectionConstraints.swift */; };
		AE81E44C34544B75830E6F00 /* PluginRTCDataChannel.swift in Sources */ = {isa = PBXBuildFile; fileRef = 31B57D6C49EE4A2ABB9A305B /* PluginRTCDataChannel.swift */; };
		B8AE7348C86F43EBBCD9FFE7 /* libstdc++.dylib in Frameworks */ = {isa = PBXBuildFile; fileRef = FECFF7DC1EA84242A3A603DD /* libstdc++.dylib */; };
		B984FD71D54249D1835247EF /* PluginRTCPeerConnectionConfig.swift in Sources */ = {isa = PBXBuildFile; fileRef = 8344FDD42DB0456AA2EE55A0 /* PluginRTCPeerConnectionConfig.swift */; };
		C3DA9F54330C41E199DD99CD /* libsqlite3.0.dylib in Frameworks */ = {isa = PBXBuildFile; fileRef = 10D26343E5E242F59A7752DD /* libsqlite3.0.dylib */; };
		D1A899AAA50340BFAF7192E8 /* PluginRTCDTMFSender.swift in Sources */ = {isa = PBXBuildFile; fileRef = AE98095DD3F0412DA9F680A3 /* PluginRTCDTMFSender.swift */; };
		D61838E920AE46D6B6FD327F /* PluginGetUserMedia.swift in Sources */ = {isa = PBXBuildFile; fileRef = 3EE82ADB4A3C4C8DB6DC0964 /* PluginGetUserMedia.swift */; };
		F2D00F08BA594DB4B2CCA819 /* AVFoundation.framework in Frameworks */ = {isa = PBXBuildFile; fileRef = 8F440C372AF84897B1EFC319 /* AVFoundation.framework */; };
		FEAE1C5F0F0B498C833C959E /* CoreVideo.framework in Frameworks */ = {isa = PBXBuildFile; fileRef = FE72F088A34D45E0BF80B809 /* CoreVideo.framework */; };
/* End PBXBuildFile section */

/* Begin PBXContainerItemProxy section */
		301BF534109A57CC0062928A /* PBXContainerItemProxy */ = {
			isa = PBXContainerItemProxy;
			containerPortal = 301BF52D109A57CC0062928A /* CordovaLib.xcodeproj */;
			proxyType = 2;
			remoteGlobalIDString = D2AAC07E0554694100DB518D;
			remoteInfo = CordovaLib;
		};
		301BF550109A68C00062928A /* PBXContainerItemProxy */ = {
			isa = PBXContainerItemProxy;
			containerPortal = 301BF52D109A57CC0062928A /* CordovaLib.xcodeproj */;
			proxyType = 1;
			remoteGlobalIDString = D2AAC07D0554694100DB518D;
			remoteInfo = CordovaLib;
		};
		907D8123214C687600058A10 /* PBXContainerItemProxy */ = {
			isa = PBXContainerItemProxy;
			containerPortal = 301BF52D109A57CC0062928A /* CordovaLib.xcodeproj */;
			proxyType = 2;
			remoteGlobalIDString = C0C01EB21E3911D50056E6CB;
			remoteInfo = Cordova;
		};
/* End PBXContainerItemProxy section */

/* Begin PBXCopyFilesBuildPhase section */
		1091BDE20AB64EEC8135DE43 /* Embed Frameworks */ = {
			isa = PBXCopyFilesBuildPhase;
			buildActionMask = 2147483647;
			dstPath = "";
			dstSubfolderSpec = 10;
			files = (
				19CCA7E8403547A7B30F2F6E /* WebRTC.framework in Embed Frameworks */,
			);
			name = "Embed Frameworks";
			runOnlyForDeploymentPostprocessing = 0;
		};
/* End PBXCopyFilesBuildPhase section */

/* Begin PBXFileReference section */
		0207DA571B56EA530066E2B4 /* Images.xcassets */ = {isa = PBXFileReference; lastKnownFileType = folder.assetcatalog; name = Images.xcassets; path = LocationBasedTest/Images.xcassets; sourceTree = SOURCE_ROOT; };
		10D26343E5E242F59A7752DD /* libsqlite3.0.dylib */ = {isa = PBXFileReference; explicitFileType = undefined; fileEncoding = 9; includeInIndex = 0; lastKnownFileType = "compiled.mach-o.dylib"; name = libsqlite3.0.dylib; path = usr/lib/libsqlite3.0.dylib; sourceTree = SDKROOT; };
		1571CE1FC278449199EFE506 /* PluginMediaStream.swift */ = {isa = PBXFileReference; explicitFileType = undefined; fileEncoding = 4; includeInIndex = 0; lastKnownFileType = sourcecode.swift; name = PluginMediaStream.swift; path = "cordova-plugin-iosrtc/PluginMediaStream.swift"; sourceTree = "<group>"; };
		1D3623240D0F684500981E51 /* AppDelegate.h */ = {isa = PBXFileReference; fileEncoding = 4; lastKnownFileType = sourcecode.c.h; path = AppDelegate.h; sourceTree = "<group>"; };
		1D3623250D0F684500981E51 /* AppDelegate.m */ = {isa = PBXFileReference; fileEncoding = 4; lastKnownFileType = sourcecode.c.objc; path = AppDelegate.m; sourceTree = "<group>"; };
		1D6058910D05DD3D006BFB54 /* LocationBasedTest.app */ = {isa = PBXFileReference; explicitFileType = wrapper.application; includeInIndex = 0; path = LocationBasedTest.app; sourceTree = BUILT_PRODUCTS_DIR; };
		20B4816D6E99465E9EAF32DD /* PluginEnumerateDevices.swift */ = {isa = PBXFileReference; explicitFileType = undefined; fileEncoding = 4; includeInIndex = 0; lastKnownFileType = sourcecode.swift; name = PluginEnumerateDevices.swift; path = "cordova-plugin-iosrtc/PluginEnumerateDevices.swift"; sourceTree = "<group>"; };
		21A04D7325704663A9E0BE93 /* PluginRTCTypes.swift */ = {isa = PBXFileReference; explicitFileType = undefined; fileEncoding = 4; includeInIndex = 0; lastKnownFileType = sourcecode.swift; name = PluginRTCTypes.swift; path = "cordova-plugin-iosrtc/PluginRTCTypes.swift"; sourceTree = "<group>"; };
		29B97316FDCFA39411CA2CEA /* main.m */ = {isa = PBXFileReference; fileEncoding = 4; lastKnownFileType = sourcecode.c.objc; path = main.m; sourceTree = "<group>"; };
		2C1A35E0B7AE4540845EF45A /* CoreLocation.framework */ = {isa = PBXFileReference; explicitFileType = undefined; fileEncoding = 9; includeInIndex = 0; lastKnownFileType = wrapper.framework; name = CoreLocation.framework; path = System/Library/Frameworks/CoreLocation.framework; sourceTree = SDKROOT; };
		2D22411CAE0848039356D1AE /* PluginRTCAudioController.swift */ = {isa = PBXFileReference; explicitFileType = undefined; fileEncoding = 4; includeInIndex = 0; lastKnownFileType = sourcecode.swift; name = PluginRTCAudioController.swift; path = "cordova-plugin-iosrtc/PluginRTCAudioController.swift"; sourceTree = "<group>"; };
		301BF52D109A57CC0062928A /* CordovaLib.xcodeproj */ = {isa = PBXFileReference; lastKnownFileType = "wrapper.pb-project"; name = CordovaLib.xcodeproj; path = CordovaLib/CordovaLib.xcodeproj; sourceTree = "<group>"; };
		301BF56E109A69640062928A /* www */ = {isa = PBXFileReference; lastKnownFileType = folder; path = www; sourceTree = SOURCE_ROOT; };
		302D95EE14D2391D003F00A1 /* MainViewController.h */ = {isa = PBXFileReference; fileEncoding = 4; lastKnownFileType = sourcecode.c.h; path = MainViewController.h; sourceTree = "<group>"; };
		302D95EF14D2391D003F00A1 /* MainViewController.m */ = {isa = PBXFileReference; fileEncoding = 4; lastKnownFileType = sourcecode.c.objc; path = MainViewController.m; sourceTree = "<group>"; };
		302D95F014D2391D003F00A1 /* MainViewController.xib */ = {isa = PBXFileReference; fileEncoding = 4; lastKnownFileType = file.xib; path = MainViewController.xib; sourceTree = "<group>"; };
		3047A50F1AB8059700498E2A /* build-debug.xcconfig */ = {isa = PBXFileReference; fileEncoding = 4; lastKnownFileType = text.xcconfig; name = "build-debug.xcconfig"; path = "cordova/build-debug.xcconfig"; sourceTree = SOURCE_ROOT; };
		3047A5101AB8059700498E2A /* build-release.xcconfig */ = {isa = PBXFileReference; fileEncoding = 4; lastKnownFileType = text.xcconfig; name = "build-release.xcconfig"; path = "cordova/build-release.xcconfig"; sourceTree = SOURCE_ROOT; };
		3047A5111AB8059700498E2A /* build.xcconfig */ = {isa = PBXFileReference; fileEncoding = 4; lastKnownFileType = text.xcconfig; name = build.xcconfig; path = cordova/build.xcconfig; sourceTree = SOURCE_ROOT; };
		31B57D6C49EE4A2ABB9A305B /* PluginRTCDataChannel.swift */ = {isa = PBXFileReference; explicitFileType = undefined; fileEncoding = 4; includeInIndex = 0; lastKnownFileType = sourcecode.swift; name = PluginRTCDataChannel.swift; path = "cordova-plugin-iosrtc/PluginRTCDataChannel.swift"; sourceTree = "<group>"; };
		32CA4F630368D1EE00C91783 /* LocationBasedTest-Prefix.pch */ = {isa = PBXFileReference; fileEncoding = 4; lastKnownFileType = sourcecode.c.h; path = "LocationBasedTest-Prefix.pch"; sourceTree = "<group>"; };
		3EE82ADB4A3C4C8DB6DC0964 /* PluginGetUserMedia.swift */ = {isa = PBXFileReference; explicitFileType = undefined; fileEncoding = 4; includeInIndex = 0; lastKnownFileType = sourcecode.swift; name = PluginGetUserMedia.swift; path = "cordova-plugin-iosrtc/PluginGetUserMedia.swift"; sourceTree = "<group>"; };
		43E739224E074A938E98FB44 /* CoreMedia.framework */ = {isa = PBXFileReference; explicitFileType = undefined; fileEncoding = 9; includeInIndex = 0; lastKnownFileType = wrapper.framework; name = CoreMedia.framework; path = System/Library/Frameworks/CoreMedia.framework; sourceTree = SDKROOT; };
		4EA1A8C8E8A5425AB34D7735 /* WebRTC.framework */ = {isa = PBXFileReference; explicitFileType = undefined; fileEncoding = 9; includeInIndex = 0; lastKnownFileType = wrapper.framework; name = WebRTC.framework; path = "LocationBasedTest/Plugins/cordova-plugin-iosrtc/WebRTC.framework"; sourceTree = "<group>"; };
		4F641EEA9B184EB5BA83A144 /* PluginRTCPeerConnectionConstraints.swift */ = {isa = PBXFileReference; explicitFileType = undefined; fileEncoding = 4; includeInIndex = 0; lastKnownFileType = sourcecode.swift; name = PluginRTCPeerConnectionConstraints.swift; path = "cordova-plugin-iosrtc/PluginRTCPeerConnectionConstraints.swift"; sourceTree = "<group>"; };
		5D3AFAA356C1411A8B377595 /* libc++.dylib */ = {isa = PBXFileReference; explicitFileType = undefined; fileEncoding = 9; includeInIndex = 0; lastKnownFileType = "compiled.mach-o.dylib"; name = "libc++.dylib"; path = "usr/lib/libc++.dylib"; sourceTree = SDKROOT; };
		6AFF5BF81D6E424B00AB3073 /* CDVLaunchScreen.storyboard */ = {isa = PBXFileReference; fileEncoding = 4; lastKnownFileType = file.storyboard; name = CDVLaunchScreen.storyboard; path = LocationBasedTest/CDVLaunchScreen.storyboard; sourceTree = SOURCE_ROOT; };
		7013A802B6894B83926252FE /* QuartzCore.framework */ = {isa = PBXFileReference; explicitFileType = undefined; fileEncoding = 9; includeInIndex = 0; lastKnownFileType = wrapper.framework; name = QuartzCore.framework; path = System/Library/Frameworks/QuartzCore.framework; sourceTree = SDKROOT; };
		7137D873D5154D24B7A22BF7 /* PluginRTCPeerConnection.swift */ = {isa = PBXFileReference; explicitFileType = undefined; fileEncoding = 4; includeInIndex = 0; lastKnownFileType = sourcecode.swift; name = PluginRTCPeerConnection.swift; path = "cordova-plugin-iosrtc/PluginRTCPeerConnection.swift"; sourceTree = "<group>"; };
		78F24609637C4C71B1EC84A6 /* CoreAudio.framework */ = {isa = PBXFileReference; explicitFileType = undefined; fileEncoding = 9; includeInIndex = 0; lastKnownFileType = wrapper.framework; name = CoreAudio.framework; path = System/Library/Frameworks/CoreAudio.framework; sourceTree = SDKROOT; };
		8344FDD42DB0456AA2EE55A0 /* PluginRTCPeerConnectionConfig.swift */ = {isa = PBXFileReference; explicitFileType = undefined; fileEncoding = 4; includeInIndex = 0; lastKnownFileType = sourcecode.swift; name = PluginRTCPeerConnectionConfig.swift; path = "cordova-plugin-iosrtc/PluginRTCPeerConnectionConfig.swift"; sourceTree = "<group>"; };
		8B8C1448D24C41E1B78BCFD5 /* PluginRTCVideoCaptureController.swift */ = {isa = PBXFileReference; explicitFileType = undefined; fileEncoding = 4; includeInIndex = 0; lastKnownFileType = sourcecode.swift; name = PluginRTCVideoCaptureController.swift; path = "cordova-plugin-iosrtc/PluginRTCVideoCaptureController.swift"; sourceTree = "<group>"; };
		8D1107310486CEB800E47090 /* LocationBasedTest-Info.plist */ = {isa = PBXFileReference; fileEncoding = 4; lastKnownFileType = text.plist.xml; name = "LocationBasedTest-Info.plist"; path = "LocationBasedTest/LocationBasedTest-Info.plist"; plistStructureDefinitionIdentifier = "com.apple.xcode.plist.structure-definition.iphone.info-plist"; sourceTree = SOURCE_ROOT; };
		8F440C372AF84897B1EFC319 /* AVFoundation.framework */ = {isa = PBXFileReference; explicitFileType = undefined; fileEncoding = 9; includeInIndex = 0; lastKnownFileType = wrapper.framework; name = AVFoundation.framework; path = System/Library/Frameworks/AVFoundation.framework; sourceTree = SDKROOT; };
		9979F32461AC46059C2CFCA5 /* AudioToolbox.framework */ = {isa = PBXFileReference; explicitFileType = undefined; fileEncoding = 9; includeInIndex = 0; lastKnownFileType = wrapper.framework; name = AudioToolbox.framework; path = System/Library/Frameworks/AudioToolbox.framework; sourceTree = SDKROOT; };
		A61355CCB52942BFBD4DF796 /* cordova-plugin-iosrtc-Bridging-Header.h */ = {isa = PBXFileReference; explicitFileType = undefined; fileEncoding = 4; includeInIndex = 0; lastKnownFileType = sourcecode.c.h; name = "cordova-plugin-iosrtc-Bridging-Header.h"; path = "cordova-plugin-iosrtc/cordova-plugin-iosrtc-Bridging-Header.h"; sourceTree = "<group>"; };
		ADFF4616AB3E4A3899575869 /* iosrtcPlugin.swift */ = {isa = PBXFileReference; explicitFileType = undefined; fileEncoding = 4; includeInIndex = 0; lastKnownFileType = sourcecode.swift; name = iosrtcPlugin.swift; path = "cordova-plugin-iosrtc/iosrtcPlugin.swift"; sourceTree = "<group>"; };
		AE98095DD3F0412DA9F680A3 /* PluginRTCDTMFSender.swift */ = {isa = PBXFileReference; explicitFileType = undefined; fileEncoding = 4; includeInIndex = 0; lastKnownFileType = sourcecode.swift; name = PluginRTCDTMFSender.swift; path = "cordova-plugin-iosrtc/PluginRTCDTMFSender.swift"; sourceTree = "<group>"; };
		B69F2081AC844755BAA1955B /* PluginMediaStreamRenderer.swift */ = {isa = PBXFileReference; explicitFileType = undefined; fileEncoding = 4; includeInIndex = 0; lastKnownFileType = sourcecode.swift; name = PluginMediaStreamRenderer.swift; path = "cordova-plugin-iosrtc/PluginMediaStreamRenderer.swift"; sourceTree = "<group>"; };
		C70C1B89307D48309183FD49 /* PluginUtils.swift */ = {isa = PBXFileReference; explicitFileType = undefined; fileEncoding = 4; includeInIndex = 0; lastKnownFileType = sourcecode.swift; name = PluginUtils.swift; path = "cordova-plugin-iosrtc/PluginUtils.swift"; sourceTree = "<group>"; };
		E1344A6BFA354B1284855128 /* PluginMediaStreamTrack.swift */ = {isa = PBXFileReference; explicitFileType = undefined; fileEncoding = 4; includeInIndex = 0; lastKnownFileType = sourcecode.swift; name = PluginMediaStreamTrack.swift; path = "cordova-plugin-iosrtc/PluginMediaStreamTrack.swift"; sourceTree = "<group>"; };
		EB87FDF31871DA8E0020F90C /* www */ = {isa = PBXFileReference; lastKnownFileType = folder; name = www; path = ../../www; sourceTree = "<group>"; };
		EB87FDF41871DAF40020F90C /* config.xml */ = {isa = PBXFileReference; lastKnownFileType = text.xml; name = config.xml; path = ../../config.xml; sourceTree = "<group>"; };
		EBEDFD2F58E24A5692D59366 /* VideoToolbox.framework */ = {isa = PBXFileReference; explicitFileType = undefined; fileEncoding = 9; includeInIndex = 0; lastKnownFileType = wrapper.framework; name = VideoToolbox.framework; path = System/Library/Frameworks/VideoToolbox.framework; sourceTree = SDKROOT; };
		ED33DF2A687741AEAF9F8254 /* Bridging-Header.h */ = {isa = PBXFileReference; fileEncoding = 4; lastKnownFileType = sourcecode.c.h; path = "Bridging-Header.h"; sourceTree = "<group>"; };
		F31BAA4D1C0E423EAFC44D5D /* GLKit.framework */ = {isa = PBXFileReference; explicitFileType = undefined; fileEncoding = 9; includeInIndex = 0; lastKnownFileType = wrapper.framework; name = GLKit.framework; path = System/Library/Frameworks/GLKit.framework; sourceTree = SDKROOT; };
		F840E1F0165FE0F500CFE078 /* config.xml */ = {isa = PBXFileReference; lastKnownFileType = text.xml; name = config.xml; path = LocationBasedTest/config.xml; sourceTree = "<group>"; };
		FDF703AB7BD24C00B91FD90E /* OpenGLES.framework */ = {isa = PBXFileReference; explicitFileType = undefined; fileEncoding = 9; includeInIndex = 0; lastKnownFileType = wrapper.framework; name = OpenGLES.framework; path = System/Library/Frameworks/OpenGLES.framework; sourceTree = SDKROOT; };
		FE72F088A34D45E0BF80B809 /* CoreVideo.framework */ = {isa = PBXFileReference; explicitFileType = undefined; fileEncoding = 9; includeInIndex = 0; lastKnownFileType = wrapper.framework; name = CoreVideo.framework; path = System/Library/Frameworks/CoreVideo.framework; sourceTree = SDKROOT; };
		FECFF7DC1EA84242A3A603DD /* libstdc++.dylib */ = {isa = PBXFileReference; explicitFileType = undefined; fileEncoding = 9; includeInIndex = 0; lastKnownFileType = "compiled.mach-o.dylib"; name = "libstdc++.dylib"; path = "usr/lib/libstdc++.dylib"; sourceTree = SDKROOT; };
/* End PBXFileReference section */

/* Begin PBXFrameworksBuildPhase section */
		1D60588F0D05DD3D006BFB54 /* Frameworks */ = {
			isa = PBXFrameworksBuildPhase;
			buildActionMask = 2147483647;
			files = (
				301BF552109A68D80062928A /* libCordova.a in Frameworks */,
				F2D00F08BA594DB4B2CCA819 /* AVFoundation.framework in Frameworks */,
				30E5DEEA1C0E4531A964D4EA /* CoreMedia.framework in Frameworks */,
				31FE4463B0BD43069C0A6C5D /* GLKit.framework in Frameworks */,
				1FEFCEA66C9246D591D733C7 /* OpenGLES.framework in Frameworks */,
				FEAE1C5F0F0B498C833C959E /* CoreVideo.framework in Frameworks */,
				0D85E5C8AA8D49259952AA46 /* CoreAudio.framework in Frameworks */,
				95D9DF334608428A881D72C0 /* QuartzCore.framework in Frameworks */,
				67EE5ADBBB7944F0BA65FE0A /* CoreLocation.framework in Frameworks */,
				3C8469A59FE142768AFB963B /* AudioToolbox.framework in Frameworks */,
				9CE1C1C0337444BC83654DBB /* libc++.dylib in Frameworks */,
				B8AE7348C86F43EBBCD9FFE7 /* libstdc++.dylib in Frameworks */,
				C3DA9F54330C41E199DD99CD /* libsqlite3.0.dylib in Frameworks */,
				74A19D8809654ED7B71BFED0 /* VideoToolbox.framework in Frameworks */,
			);
			runOnlyForDeploymentPostprocessing = 0;
		};
/* End PBXFrameworksBuildPhase section */

/* Begin PBXGroup section */
		080E96DDFE201D6D7F000001 /* Classes */ = {
			isa = PBXGroup;
			children = (
				302D95EE14D2391D003F00A1 /* MainViewController.h */,
				302D95EF14D2391D003F00A1 /* MainViewController.m */,
				302D95F014D2391D003F00A1 /* MainViewController.xib */,
				1D3623240D0F684500981E51 /* AppDelegate.h */,
				1D3623250D0F684500981E51 /* AppDelegate.m */,
			);
			name = Classes;
			path = LocationBasedTest/Classes;
			sourceTree = SOURCE_ROOT;
		};
		19C28FACFE9D520D11CA2CBB /* Products */ = {
			isa = PBXGroup;
			children = (
				1D6058910D05DD3D006BFB54 /* LocationBasedTest.app */,
			);
			name = Products;
			sourceTree = "<group>";
		};
		29B97314FDCFA39411CA2CEA /* CustomTemplate */ = {
			isa = PBXGroup;
			children = (
				EB87FDF41871DAF40020F90C /* config.xml */,
				EB87FDF31871DA8E0020F90C /* www */,
				EB87FDF11871DA420020F90C /* Staging */,
				301BF52D109A57CC0062928A /* CordovaLib.xcodeproj */,
				080E96DDFE201D6D7F000001 /* Classes */,
				307C750510C5A3420062BCA9 /* Plugins */,
				29B97315FDCFA39411CA2CEA /* Other Sources */,
				29B97317FDCFA39411CA2CEA /* Resources */,
				29B97323FDCFA39411CA2CEA /* Frameworks */,
				19C28FACFE9D520D11CA2CBB /* Products */,
			);
			name = CustomTemplate;
			sourceTree = "<group>";
		};
		29B97315FDCFA39411CA2CEA /* Other Sources */ = {
			isa = PBXGroup;
			children = (
				32CA4F630368D1EE00C91783 /* LocationBasedTest-Prefix.pch */,
				29B97316FDCFA39411CA2CEA /* main.m */,
				ED33DF2A687741AEAF9F8254 /* Bridging-Header.h */,
			);
			name = "Other Sources";
			path = LocationBasedTest;
			sourceTree = "<group>";
		};
		29B97317FDCFA39411CA2CEA /* Resources */ = {
			isa = PBXGroup;
			children = (
				0207DA571B56EA530066E2B4 /* Images.xcassets */,
				3047A50E1AB8057F00498E2A /* config */,
				8D1107310486CEB800E47090 /* LocationBasedTest-Info.plist */,
				6AFF5BF81D6E424B00AB3073 /* CDVLaunchScreen.storyboard */,
			);
			name = Resources;
			path = LocationBasedTest/Resources;
			sourceTree = "<group>";
		};
		29B97323FDCFA39411CA2CEA /* Frameworks */ = {
			isa = PBXGroup;
			children = (
				8F440C372AF84897B1EFC319 /* AVFoundation.framework */,
				43E739224E074A938E98FB44 /* CoreMedia.framework */,
				F31BAA4D1C0E423EAFC44D5D /* GLKit.framework */,
				FDF703AB7BD24C00B91FD90E /* OpenGLES.framework */,
				FE72F088A34D45E0BF80B809 /* CoreVideo.framework */,
				78F24609637C4C71B1EC84A6 /* CoreAudio.framework */,
				7013A802B6894B83926252FE /* QuartzCore.framework */,
				2C1A35E0B7AE4540845EF45A /* CoreLocation.framework */,
				9979F32461AC46059C2CFCA5 /* AudioToolbox.framework */,
				5D3AFAA356C1411A8B377595 /* libc++.dylib */,
				FECFF7DC1EA84242A3A603DD /* libstdc++.dylib */,
				10D26343E5E242F59A7752DD /* libsqlite3.0.dylib */,
				EBEDFD2F58E24A5692D59366 /* VideoToolbox.framework */,
				4EA1A8C8E8A5425AB34D7735 /* WebRTC.framework */,
			);
			name = Frameworks;
			sourceTree = "<group>";
		};
		301BF52E109A57CC0062928A /* Products */ = {
			isa = PBXGroup;
			children = (
				301BF535109A57CC0062928A /* libCordova.a */,
				907D8124214C687600058A10 /* Cordova.framework */,
			);
			name = Products;
			sourceTree = "<group>";
		};
		3047A50E1AB8057F00498E2A /* config */ = {
			isa = PBXGroup;
			children = (
				3047A50F1AB8059700498E2A /* build-debug.xcconfig */,
				3047A5101AB8059700498E2A /* build-release.xcconfig */,
				3047A5111AB8059700498E2A /* build.xcconfig */,
			);
			name = config;
			sourceTree = "<group>";
		};
		307C750510C5A3420062BCA9 /* Plugins */ = {
			isa = PBXGroup;
			children = (
				ADFF4616AB3E4A3899575869 /* iosrtcPlugin.swift */,
				21A04D7325704663A9E0BE93 /* PluginRTCTypes.swift */,
				7137D873D5154D24B7A22BF7 /* PluginRTCPeerConnection.swift */,
				8344FDD42DB0456AA2EE55A0 /* PluginRTCPeerConnectionConfig.swift */,
				4F641EEA9B184EB5BA83A144 /* PluginRTCPeerConnectionConstraints.swift */,
				31B57D6C49EE4A2ABB9A305B /* PluginRTCDataChannel.swift */,
				AE98095DD3F0412DA9F680A3 /* PluginRTCDTMFSender.swift */,
				1571CE1FC278449199EFE506 /* PluginMediaStream.swift */,
				E1344A6BFA354B1284855128 /* PluginMediaStreamTrack.swift */,
				3EE82ADB4A3C4C8DB6DC0964 /* PluginGetUserMedia.swift */,
				20B4816D6E99465E9EAF32DD /* PluginEnumerateDevices.swift */,
				C70C1B89307D48309183FD49 /* PluginUtils.swift */,
				B69F2081AC844755BAA1955B /* PluginMediaStreamRenderer.swift */,
				2D22411CAE0848039356D1AE /* PluginRTCAudioController.swift */,
				8B8C1448D24C41E1B78BCFD5 /* PluginRTCVideoCaptureController.swift */,
				A61355CCB52942BFBD4DF796 /* cordova-plugin-iosrtc-Bridging-Header.h */,
			);
			name = Plugins;
			path = LocationBasedTest/Plugins;
			sourceTree = SOURCE_ROOT;
		};
		EB87FDF11871DA420020F90C /* Staging */ = {
			isa = PBXGroup;
			children = (
				F840E1F0165FE0F500CFE078 /* config.xml */,
				301BF56E109A69640062928A /* www */,
			);
			name = Staging;
			sourceTree = "<group>";
		};
/* End PBXGroup section */

/* Begin PBXNativeTarget section */
		1D6058900D05DD3D006BFB54 /* LocationBasedTest */ = {
			isa = PBXNativeTarget;
			buildConfigurationList = 1D6058960D05DD3E006BFB54 /* Build configuration list for PBXNativeTarget "LocationBasedTest" */;
			buildPhases = (
				304B58A110DAC018002A0835 /* Copy www directory */,
				1D60588D0D05DD3D006BFB54 /* Resources */,
				1D60588E0D05DD3D006BFB54 /* Sources */,
				1D60588F0D05DD3D006BFB54 /* Frameworks */,
				1091BDE20AB64EEC8135DE43 /* Embed Frameworks */,
			);
			buildRules = (
			);
			dependencies = (
				301BF551109A68C00062928A /* PBXTargetDependency */,
			);
			name = LocationBasedTest;
			productName = LocationBasedTest;
			productReference = 1D6058910D05DD3D006BFB54 /* LocationBasedTest.app */;
			productType = "com.apple.product-type.application";
		};
/* End PBXNativeTarget section */

/* Begin PBXProject section */
		29B97313FDCFA39411CA2CEA /* Project object */ = {
			isa = PBXProject;
			attributes = {
				LastUpgradeCheck = 510;
				TargetAttributes = {
					1D6058900D05DD3D006BFB54 = {
						DevelopmentTeam = A3C6222PUZ;
						ProvisioningStyle = Automatic;
					};
				};
			};
			buildConfigurationList = C01FCF4E08A954540054247B /* Build configuration list for PBXProject "LocationBasedTest" */;
			compatibilityVersion = "Xcode 3.2";
			developmentRegion = English;
			hasScannedForEncodings = 1;
			knownRegions = (
				English,
				en,
				Base,
			);
			mainGroup = 29B97314FDCFA39411CA2CEA /* CustomTemplate */;
			projectDirPath = "";
			projectReferences = (
				{
					ProductGroup = 301BF52E109A57CC0062928A /* Products */;
					ProjectRef = 301BF52D109A57CC0062928A /* CordovaLib.xcodeproj */;
				},
			);
			projectRoot = "";
			targets = (
				1D6058900D05DD3D006BFB54 /* LocationBasedTest */,
			);
		};
/* End PBXProject section */

/* Begin PBXReferenceProxy section */
		301BF535109A57CC0062928A /* libCordova.a */ = {
			isa = PBXReferenceProxy;
			fileType = archive.ar;
			path = libCordova.a;
			remoteRef = 301BF534109A57CC0062928A /* PBXContainerItemProxy */;
			sourceTree = BUILT_PRODUCTS_DIR;
		};
		907D8124214C687600058A10 /* Cordova.framework */ = {
			isa = PBXReferenceProxy;
			fileType = wrapper.framework;
			path = Cordova.framework;
			remoteRef = 907D8123214C687600058A10 /* PBXContainerItemProxy */;
			sourceTree = BUILT_PRODUCTS_DIR;
		};
/* End PBXReferenceProxy section */

/* Begin PBXResourcesBuildPhase section */
		1D60588D0D05DD3D006BFB54 /* Resources */ = {
			isa = PBXResourcesBuildPhase;
			buildActionMask = 2147483647;
			files = (
				302D95F214D2391D003F00A1 /* MainViewController.xib in Resources */,
				0207DA581B56EA530066E2B4 /* Images.xcassets in Resources */,
				6AFF5BF91D6E424B00AB3073 /* CDVLaunchScreen.storyboard in Resources */,
			);
			runOnlyForDeploymentPostprocessing = 0;
		};
/* End PBXResourcesBuildPhase section */

/* Begin PBXShellScriptBuildPhase section */
		304B58A110DAC018002A0835 /* Copy www directory */ = {
			isa = PBXShellScriptBuildPhase;
			buildActionMask = 2147483647;
			files = (
			);
			inputPaths = (
			);
			name = "Copy www directory";
			outputPaths = (
			);
			runOnlyForDeploymentPostprocessing = 0;
			shellPath = /bin/sh;
			shellScript = "\"$SRCROOT/LocationBasedTest/Scripts/copy-www-build-step.sh\"";
			showEnvVarsInLog = 0;
		};
/* End PBXShellScriptBuildPhase section */

/* Begin PBXSourcesBuildPhase section */
		1D60588E0D05DD3D006BFB54 /* Sources */ = {
			isa = PBXSourcesBuildPhase;
			buildActionMask = 2147483647;
			files = (
				1D60589B0D05DD56006BFB54 /* main.m in Sources */,
				1D3623260D0F684500981E51 /* AppDelegate.m in Sources */,
				302D95F114D2391D003F00A1 /* MainViewController.m in Sources */,
				7E331E4A43F84CA5BBD36382 /* iosrtcPlugin.swift in Sources */,
				7AB1C9B4D3C448F582150635 /* PluginRTCTypes.swift in Sources */,
				169B449AD3274FF1935D632C /* PluginRTCPeerConnection.swift in Sources */,
				B984FD71D54249D1835247EF /* PluginRTCPeerConnectionConfig.swift in Sources */,
				A224B04D4737450CAB1B55FD /* PluginRTCPeerConnectionConstraints.swift in Sources */,
				AE81E44C34544B75830E6F00 /* PluginRTCDataChannel.swift in Sources */,
				D1A899AAA50340BFAF7192E8 /* PluginRTCDTMFSender.swift in Sources */,
				84D30D29817E416A9040A6AF /* PluginMediaStream.swift in Sources */,
				81B8A7EBDDF94D758014C39D /* PluginMediaStreamTrack.swift in Sources */,
				D61838E920AE46D6B6FD327F /* PluginGetUserMedia.swift in Sources */,
				A1FFFC8B58714DD18CFA043A /* PluginEnumerateDevices.swift in Sources */,
				0073844A4BC844DF966C9904 /* PluginUtils.swift in Sources */,
				5FF1988067B640FEBBE522B3 /* PluginMediaStreamRenderer.swift in Sources */,
				27AF75408E964B209FAFC53D /* PluginRTCAudioController.swift in Sources */,
				297B2FCF504842DC9D40CC04 /* PluginRTCVideoCaptureController.swift in Sources */,
			);
			runOnlyForDeploymentPostprocessing = 0;
		};
/* End PBXSourcesBuildPhase section */

/* Begin PBXTargetDependency section */
		301BF551109A68C00062928A /* PBXTargetDependency */ = {
			isa = PBXTargetDependency;
			name = CordovaLib;
			targetProxy = 301BF550109A68C00062928A /* PBXContainerItemProxy */;
		};
/* End PBXTargetDependency section */

/* Begin XCBuildConfiguration section */
		1D6058940D05DD3E006BFB54 /* Debug */ = {
			isa = XCBuildConfiguration;
			baseConfigurationReference = 3047A50F1AB8059700498E2A /* build-debug.xcconfig */;
			buildSettings = {
				ALWAYS_SEARCH_USER_PATHS = NO;
				ASSETCATALOG_COMPILER_APPICON_NAME = AppIcon;
				ASSETCATALOG_COMPILER_LAUNCHIMAGE_NAME = LaunchImage;
				CLANG_ENABLE_MODULES = YES;
				CLANG_ENABLE_OBJC_ARC = YES;
				COPY_PHASE_STRIP = NO;
				DEVELOPMENT_TEAM = A3C6222PUZ;
				ENABLE_BITCODE = "NO";
				FRAMEWORK_SEARCH_PATHS = (
					"$(inherited)",
					"\"LocationBasedTest/Plugins/cordova-plugin-iosrtc\"",
				);
				GCC_DYNAMIC_NO_PIC = NO;
				GCC_OPTIMIZATION_LEVEL = 0;
				GCC_PRECOMPILE_PREFIX_HEADER = YES;
				GCC_PREFIX_HEADER = "LocationBasedTest/LocationBasedTest-Prefix.pch";
				GCC_THUMB_SUPPORT = NO;
				GCC_VERSION = "";
				INFOPLIST_FILE = "LocationBasedTest/LocationBasedTest-Info.plist";
				IPHONEOS_DEPLOYMENT_TARGET = 10.2;
				LD_RUNPATH_SEARCH_PATHS = "@executable_path/Frameworks";
				PRODUCT_BUNDLE_IDENTIFIER = com.example.locationBasedTest;
				PRODUCT_NAME = "$(TARGET_NAME)";
				SWIFT_OBJC_BRIDGING_HEADER = "LocationBasedTest/Plugins/cordova-plugin-iosrtc/cordova-plugin-iosrtc-Bridging-Header.h";
				SWIFT_VERSION = "4.2";
				TARGETED_DEVICE_FAMILY = "1,2";
			};
			name = Debug;
		};
		1D6058950D05DD3E006BFB54 /* Release */ = {
			isa = XCBuildConfiguration;
			baseConfigurationReference = 3047A5101AB8059700498E2A /* build-release.xcconfig */;
			buildSettings = {
				ALWAYS_SEARCH_USER_PATHS = NO;
				ASSETCATALOG_COMPILER_APPICON_NAME = AppIcon;
				ASSETCATALOG_COMPILER_LAUNCHIMAGE_NAME = LaunchImage;
				CLANG_ENABLE_MODULES = YES;
				CLANG_ENABLE_OBJC_ARC = YES;
				COPY_PHASE_STRIP = YES;
				ENABLE_BITCODE = "NO";
				FRAMEWORK_SEARCH_PATHS = (
					"$(inherited)",
					"\"LocationBasedTest/Plugins/cordova-plugin-iosrtc\"",
				);
				GCC_PRECOMPILE_PREFIX_HEADER = YES;
				GCC_PREFIX_HEADER = "LocationBasedTest/LocationBasedTest-Prefix.pch";
				GCC_THUMB_SUPPORT = NO;
				GCC_VERSION = "";
				INFOPLIST_FILE = "LocationBasedTest/LocationBasedTest-Info.plist";
				IPHONEOS_DEPLOYMENT_TARGET = 10.2;
				LD_RUNPATH_SEARCH_PATHS = "@executable_path/Frameworks";
				PRODUCT_BUNDLE_IDENTIFIER = com.example.locationBasedTest;
				PRODUCT_NAME = "$(TARGET_NAME)";
				SWIFT_OBJC_BRIDGING_HEADER = "LocationBasedTest/Plugins/cordova-plugin-iosrtc/cordova-plugin-iosrtc-Bridging-Header.h";
				SWIFT_VERSION = "4.2";
				TARGETED_DEVICE_FAMILY = "1,2";
			};
			name = Release;
		};
		C01FCF4F08A954540054247B /* Debug */ = {
			isa = XCBuildConfiguration;
			baseConfigurationReference = 3047A5111AB8059700498E2A /* build.xcconfig */;
			buildSettings = {
				CLANG_ENABLE_MODULES = YES;
				CLANG_ENABLE_OBJC_ARC = YES;
				CLANG_WARN_BLOCK_CAPTURE_AUTORELEASING = YES;
				CLANG_WARN_BOOL_CONVERSION = YES;
				CLANG_WARN_COMMA = YES;
				CLANG_WARN_CONSTANT_CONVERSION = YES;
				CLANG_WARN_DEPRECATED_OBJC_IMPLEMENTATIONS = YES;
				CLANG_WARN_EMPTY_BODY = YES;
				CLANG_WARN_ENUM_CONVERSION = YES;
				CLANG_WARN_INFINITE_RECURSION = YES;
				CLANG_WARN_INT_CONVERSION = YES;
				CLANG_WARN_NON_LITERAL_NULL_CONVERSION = YES;
				CLANG_WARN_OBJC_IMPLICIT_RETAIN_SELF = YES;
				CLANG_WARN_OBJC_LITERAL_CONVERSION = YES;
				CLANG_WARN_RANGE_LOOP_ANALYSIS = YES;
				CLANG_WARN_STRICT_PROTOTYPES = YES;
				CLANG_WARN_SUSPICIOUS_MOVE = YES;
				CLANG_WARN_UNREACHABLE_CODE = YES;
				CLANG_WARN__DUPLICATE_METHOD_MATCH = YES;
				ENABLE_BITCODE = "NO";
				ENABLE_STRICT_OBJC_MSGSEND = YES;
				ENABLE_TESTABILITY = YES;
				GCC_C_LANGUAGE_STANDARD = c99;
				GCC_NO_COMMON_BLOCKS = YES;
				GCC_THUMB_SUPPORT = NO;
				GCC_VERSION = "";
				GCC_WARN_64_TO_32_BIT_CONVERSION = YES;
				GCC_WARN_ABOUT_RETURN_TYPE = YES;
				GCC_WARN_UNDECLARED_SELECTOR = YES;
				GCC_WARN_UNINITIALIZED_AUTOS = YES;
				GCC_WARN_UNUSED_FUNCTION = YES;
				GCC_WARN_UNUSED_VARIABLE = YES;
				IPHONEOS_DEPLOYMENT_TARGET = 10.2;
				LD_RUNPATH_SEARCH_PATHS = "@executable_path/Frameworks";
				ONLY_ACTIVE_ARCH = YES;
				PRODUCT_BUNDLE_IDENTIFIER = com.example.locationBasedTest;
				SDKROOT = iphoneos;
				SKIP_INSTALL = NO;
				SWIFT_OBJC_BRIDGING_HEADER = "LocationBasedTest/Plugins/cordova-plugin-iosrtc/cordova-plugin-iosrtc-Bridging-Header.h";
				SWIFT_VERSION = "4.2";
				WK_WEB_VIEW_ONLY = 0;
			};
			name = Debug;
		};
		C01FCF5008A954540054247B /* Release */ = {
			isa = XCBuildConfiguration;
			baseConfigurationReference = 3047A5111AB8059700498E2A /* build.xcconfig */;
			buildSettings = {
				CLANG_ENABLE_MODULES = YES;
				CLANG_ENABLE_OBJC_ARC = YES;
				CLANG_WARN_BLOCK_CAPTURE_AUTORELEASING = YES;
				CLANG_WARN_BOOL_CONVERSION = YES;
				CLANG_WARN_COMMA = YES;
				CLANG_WARN_CONSTANT_CONVERSION = YES;
				CLANG_WARN_DEPRECATED_OBJC_IMPLEMENTATIONS = YES;
				CLANG_WARN_EMPTY_BODY = YES;
				CLANG_WARN_ENUM_CONVERSION = YES;
				CLANG_WARN_INFINITE_RECURSION = YES;
				CLANG_WARN_INT_CONVERSION = YES;
				CLANG_WARN_NON_LITERAL_NULL_CONVERSION = YES;
				CLANG_WARN_OBJC_IMPLICIT_RETAIN_SELF = YES;
				CLANG_WARN_OBJC_LITERAL_CONVERSION = YES;
				CLANG_WARN_RANGE_LOOP_ANALYSIS = YES;
				CLANG_WARN_STRICT_PROTOTYPES = YES;
				CLANG_WARN_SUSPICIOUS_MOVE = YES;
				CLANG_WARN_UNREACHABLE_CODE = YES;
				CLANG_WARN__DUPLICATE_METHOD_MATCH = YES;
				ENABLE_BITCODE = "NO";
				ENABLE_STRICT_OBJC_MSGSEND = YES;
				GCC_C_LANGUAGE_STANDARD = c99;
				GCC_NO_COMMON_BLOCKS = YES;
				GCC_THUMB_SUPPORT = NO;
				GCC_VERSION = "";
				GCC_WARN_64_TO_32_BIT_CONVERSION = YES;
				GCC_WARN_ABOUT_RETURN_TYPE = YES;
				GCC_WARN_UNDECLARED_SELECTOR = YES;
				GCC_WARN_UNINITIALIZED_AUTOS = YES;
				GCC_WARN_UNUSED_FUNCTION = YES;
				GCC_WARN_UNUSED_VARIABLE = YES;
				IPHONEOS_DEPLOYMENT_TARGET = 10.2;
				LD_RUNPATH_SEARCH_PATHS = "@executable_path/Frameworks";
				PRODUCT_BUNDLE_IDENTIFIER = com.example.locationBasedTest;
				SDKROOT = iphoneos;
				SKIP_INSTALL = NO;
				SWIFT_OBJC_BRIDGING_HEADER = "LocationBasedTest/Plugins/cordova-plugin-iosrtc/cordova-plugin-iosrtc-Bridging-Header.h";
				SWIFT_VERSION = "4.2";
				WK_WEB_VIEW_ONLY = 0;
			};
			name = Release;
		};
/* End XCBuildConfiguration section */

/* Begin XCConfigurationList section */
		1D6058960D05DD3E006BFB54 /* Build configuration list for PBXNativeTarget "LocationBasedTest" */ = {
			isa = XCConfigurationList;
			buildConfigurations = (
				1D6058940D05DD3E006BFB54 /* Debug */,
				1D6058950D05DD3E006BFB54 /* Release */,
			);
			defaultConfigurationIsVisible = 0;
			defaultConfigurationName = Release;
		};
		C01FCF4E08A954540054247B /* Build configuration list for PBXProject "LocationBasedTest" */ = {
			isa = XCConfigurationList;
			buildConfigurations = (
				C01FCF4F08A954540054247B /* Debug */,
				C01FCF5008A954540054247B /* Release */,
			);
			defaultConfigurationIsVisible = 0;
			defaultConfigurationName = Release;
		};
/* End XCConfigurationList section */
	};
	rootObject = 29B97313FDCFA39411CA2CEA /* Project object */;
}
